// !$*UTF8*$!
{
	archiveVersion = 1;
	classes = {
	};
	objectVersion = 50;
	objects = {

/* Begin PBXBuildFile section */
		3FC71FE222A288F800A25B20 /* AppDelegate.swift in Sources */ = {isa = PBXBuildFile; fileRef = 3FC71FE122A288F800A25B20 /* AppDelegate.swift */; };
		3FC71FE722A288F800A25B20 /* Main.storyboard in Resources */ = {isa = PBXBuildFile; fileRef = 3FC71FE522A288F800A25B20 /* Main.storyboard */; };
		3FC71FE922A288FA00A25B20 /* Assets.xcassets in Resources */ = {isa = PBXBuildFile; fileRef = 3FC71FE822A288FA00A25B20 /* Assets.xcassets */; };
		3FC71FEC22A288FA00A25B20 /* LaunchScreen.storyboard in Resources */ = {isa = PBXBuildFile; fileRef = 3FC71FEA22A288FA00A25B20 /* LaunchScreen.storyboard */; };
		3FC71FF722A288FA00A25B20 /* EasyShopTests.swift in Sources */ = {isa = PBXBuildFile; fileRef = 3FC71FF622A288FA00A25B20 /* EasyShopTests.swift */; };
		3FC7201222A28C6A00A25B20 /* ProductDetailsViewController.swift in Sources */ = {isa = PBXBuildFile; fileRef = 3FC7201122A28C6A00A25B20 /* ProductDetailsViewController.swift */; };
		3FC7201822A28D8000A25B20 /* ProductDetailTableViewCell.swift in Sources */ = {isa = PBXBuildFile; fileRef = 3FC7201722A28D8000A25B20 /* ProductDetailTableViewCell.swift */; };
		3FC7201D22A28DB600A25B20 /* CategoryCollectionViewCell.xib in Resources */ = {isa = PBXBuildFile; fileRef = 3FC7201922A28DB600A25B20 /* CategoryCollectionViewCell.xib */; };
		3FC7201E22A28DB600A25B20 /* RankingTableViewCell.swift in Sources */ = {isa = PBXBuildFile; fileRef = 3FC7201A22A28DB600A25B20 /* RankingTableViewCell.swift */; };
		3FC7201F22A28DB600A25B20 /* CategoryCollectionViewCell.swift in Sources */ = {isa = PBXBuildFile; fileRef = 3FC7201B22A28DB600A25B20 /* CategoryCollectionViewCell.swift */; };
		3FC7202022A28DB600A25B20 /* RankingCollectionViewCell.swift in Sources */ = {isa = PBXBuildFile; fileRef = 3FC7201C22A28DB600A25B20 /* RankingCollectionViewCell.swift */; };
		3FC7202222A28DDA00A25B20 /* ProductViewModel.swift in Sources */ = {isa = PBXBuildFile; fileRef = 3FC7202122A28DDA00A25B20 /* ProductViewModel.swift */; };
		3FC7202622A28DF600A25B20 /* Response.swift in Sources */ = {isa = PBXBuildFile; fileRef = 3FC7202322A28DF500A25B20 /* Response.swift */; };
		3FC7202722A28DF600A25B20 /* Category.swift in Sources */ = {isa = PBXBuildFile; fileRef = 3FC7202422A28DF500A25B20 /* Category.swift */; };
		3FC7202822A28DF600A25B20 /* Ranking.swift in Sources */ = {isa = PBXBuildFile; fileRef = 3FC7202522A28DF500A25B20 /* Ranking.swift */; };
		3FC7203122A28E5700A25B20 /* RequestContracts.swift in Sources */ = {isa = PBXBuildFile; fileRef = 3FC7202B22A28E5700A25B20 /* RequestContracts.swift */; };
		3FC7203222A28E5700A25B20 /* RequestConfig.swift in Sources */ = {isa = PBXBuildFile; fileRef = 3FC7202C22A28E5700A25B20 /* RequestConfig.swift */; };
		3FC7203322A28E5700A25B20 /* HTTPMethod.swift in Sources */ = {isa = PBXBuildFile; fileRef = 3FC7202D22A28E5700A25B20 /* HTTPMethod.swift */; };
		3FC7203422A28E5700A25B20 /* RequestManager.swift in Sources */ = {isa = PBXBuildFile; fileRef = 3FC7202E22A28E5700A25B20 /* RequestManager.swift */; };
		3FC7203522A28E5700A25B20 /* NetworkLogger.swift in Sources */ = {isa = PBXBuildFile; fileRef = 3FC7202F22A28E5700A25B20 /* NetworkLogger.swift */; };
		3FC7203622A28E5700A25B20 /* AppError.swift in Sources */ = {isa = PBXBuildFile; fileRef = 3FC7203022A28E5700A25B20 /* AppError.swift */; };
		3FC7203C22A28E6400A25B20 /* ProductEndPoint.swift in Sources */ = {isa = PBXBuildFile; fileRef = 3FC7203722A28E6300A25B20 /* ProductEndPoint.swift */; };
		3FC7203D22A28E6400A25B20 /* URLParameterEncoding.swift in Sources */ = {isa = PBXBuildFile; fileRef = 3FC7203822A28E6300A25B20 /* URLParameterEncoding.swift */; };
		3FC7203E22A28E6400A25B20 /* EndPointType.swift in Sources */ = {isa = PBXBuildFile; fileRef = 3FC7203922A28E6300A25B20 /* EndPointType.swift */; };
		3FC7203F22A28E6400A25B20 /* ProductServiceInterector.swift in Sources */ = {isa = PBXBuildFile; fileRef = 3FC7203A22A28E6400A25B20 /* ProductServiceInterector.swift */; };
		3FC7204022A28E6400A25B20 /* Reachability.swift in Sources */ = {isa = PBXBuildFile; fileRef = 3FC7203B22A28E6400A25B20 /* Reachability.swift */; };
		3FC7204322A28F9600A25B20 /* UIStoryboard.swift in Sources */ = {isa = PBXBuildFile; fileRef = 3FC7204222A28F9600A25B20 /* UIStoryboard.swift */; };
		3FC7204522A28FB100A25B20 /* UIViewController.swift in Sources */ = {isa = PBXBuildFile; fileRef = 3FC7204422A28FB100A25B20 /* UIViewController.swift */; };
		3FC7204722A291C600A25B20 /* UICollectionViewCell.swift in Sources */ = {isa = PBXBuildFile; fileRef = 3FC7204622A291C600A25B20 /* UICollectionViewCell.swift */; };
		3FC7204922A291D900A25B20 /* UITableViewCell.swift in Sources */ = {isa = PBXBuildFile; fileRef = 3FC7204822A291D900A25B20 /* UITableViewCell.swift */; };
		3FC7204B22A2920200A25B20 /* String.swift in Sources */ = {isa = PBXBuildFile; fileRef = 3FC7204A22A2920200A25B20 /* String.swift */; };
		3FC7204F22A295AF00A25B20 /* ProductContracts.swift in Sources */ = {isa = PBXBuildFile; fileRef = 3FC7204E22A295AF00A25B20 /* ProductContracts.swift */; };
		3FC7205222A2966800A25B20 /* ProductRouter.swift in Sources */ = {isa = PBXBuildFile; fileRef = 3FC7205122A2966800A25B20 /* ProductRouter.swift */; };
		3FC7205522A296C800A25B20 /* ProductDetailsRouter.swift in Sources */ = {isa = PBXBuildFile; fileRef = 3FC7205422A296C800A25B20 /* ProductDetailsRouter.swift */; };
		3FC7205722A2A15600A25B20 /* AppConstants.swift in Sources */ = {isa = PBXBuildFile; fileRef = 3FC7205622A2A15600A25B20 /* AppConstants.swift */; };
		3FC7205922A2A36D00A25B20 /* ProductDataSource.swift in Sources */ = {isa = PBXBuildFile; fileRef = 3FC7205822A2A36D00A25B20 /* ProductDataSource.swift */; };
		3FC7205B22A2B60000A25B20 /* ProductViewController.swift in Sources */ = {isa = PBXBuildFile; fileRef = 3FC7205A22A2B60000A25B20 /* ProductViewController.swift */; };
/* End PBXBuildFile section */

/* Begin PBXContainerItemProxy section */
		3FC71FF322A288FA00A25B20 /* PBXContainerItemProxy */ = {
			isa = PBXContainerItemProxy;
			containerPortal = 3FC71FD622A288F800A25B20 /* Project object */;
			proxyType = 1;
			remoteGlobalIDString = 3FC71FDD22A288F800A25B20;
			remoteInfo = EasyShop;
		};
/* End PBXContainerItemProxy section */

/* Begin PBXFileReference section */
		3FC71FDE22A288F800A25B20 /* EasyShop.app */ = {isa = PBXFileReference; explicitFileType = wrapper.application; includeInIndex = 0; path = EasyShop.app; sourceTree = BUILT_PRODUCTS_DIR; };
		3FC71FE122A288F800A25B20 /* AppDelegate.swift */ = {isa = PBXFileReference; lastKnownFileType = sourcecode.swift; path = AppDelegate.swift; sourceTree = "<group>"; };
		3FC71FE622A288F800A25B20 /* Base */ = {isa = PBXFileReference; lastKnownFileType = file.storyboard; name = Base; path = Base.lproj/Main.storyboard; sourceTree = "<group>"; };
		3FC71FE822A288FA00A25B20 /* Assets.xcassets */ = {isa = PBXFileReference; lastKnownFileType = folder.assetcatalog; path = Assets.xcassets; sourceTree = "<group>"; };
		3FC71FEB22A288FA00A25B20 /* Base */ = {isa = PBXFileReference; lastKnownFileType = file.storyboard; name = Base; path = Base.lproj/LaunchScreen.storyboard; sourceTree = "<group>"; };
		3FC71FED22A288FA00A25B20 /* Info.plist */ = {isa = PBXFileReference; lastKnownFileType = text.plist.xml; path = Info.plist; sourceTree = "<group>"; };
		3FC71FF222A288FA00A25B20 /* EasyShopTests.xctest */ = {isa = PBXFileReference; explicitFileType = wrapper.cfbundle; includeInIndex = 0; path = EasyShopTests.xctest; sourceTree = BUILT_PRODUCTS_DIR; };
		3FC71FF622A288FA00A25B20 /* EasyShopTests.swift */ = {isa = PBXFileReference; lastKnownFileType = sourcecode.swift; path = EasyShopTests.swift; sourceTree = "<group>"; };
		3FC71FF822A288FA00A25B20 /* Info.plist */ = {isa = PBXFileReference; lastKnownFileType = text.plist.xml; path = Info.plist; sourceTree = "<group>"; };
		3FC7201122A28C6A00A25B20 /* ProductDetailsViewController.swift */ = {isa = PBXFileReference; fileEncoding = 4; lastKnownFileType = sourcecode.swift; path = ProductDetailsViewController.swift; sourceTree = "<group>"; };
		3FC7201722A28D8000A25B20 /* ProductDetailTableViewCell.swift */ = {isa = PBXFileReference; fileEncoding = 4; lastKnownFileType = sourcecode.swift; path = ProductDetailTableViewCell.swift; sourceTree = "<group>"; };
		3FC7201922A28DB600A25B20 /* CategoryCollectionViewCell.xib */ = {isa = PBXFileReference; fileEncoding = 4; lastKnownFileType = file.xib; path = CategoryCollectionViewCell.xib; sourceTree = "<group>"; };
		3FC7201A22A28DB600A25B20 /* RankingTableViewCell.swift */ = {isa = PBXFileReference; fileEncoding = 4; lastKnownFileType = sourcecode.swift; path = RankingTableViewCell.swift; sourceTree = "<group>"; };
		3FC7201B22A28DB600A25B20 /* CategoryCollectionViewCell.swift */ = {isa = PBXFileReference; fileEncoding = 4; lastKnownFileType = sourcecode.swift; path = CategoryCollectionViewCell.swift; sourceTree = "<group>"; };
		3FC7201C22A28DB600A25B20 /* RankingCollectionViewCell.swift */ = {isa = PBXFileReference; fileEncoding = 4; lastKnownFileType = sourcecode.swift; path = RankingCollectionViewCell.swift; sourceTree = "<group>"; };
		3FC7202122A28DDA00A25B20 /* ProductViewModel.swift */ = {isa = PBXFileReference; fileEncoding = 4; lastKnownFileType = sourcecode.swift; path = ProductViewModel.swift; sourceTree = "<group>"; };
		3FC7202322A28DF500A25B20 /* Response.swift */ = {isa = PBXFileReference; fileEncoding = 4; lastKnownFileType = sourcecode.swift; path = Response.swift; sourceTree = "<group>"; };
		3FC7202422A28DF500A25B20 /* Category.swift */ = {isa = PBXFileReference; fileEncoding = 4; lastKnownFileType = sourcecode.swift; path = Category.swift; sourceTree = "<group>"; };
		3FC7202522A28DF500A25B20 /* Ranking.swift */ = {isa = PBXFileReference; fileEncoding = 4; lastKnownFileType = sourcecode.swift; path = Ranking.swift; sourceTree = "<group>"; };
		3FC7202B22A28E5700A25B20 /* RequestContracts.swift */ = {isa = PBXFileReference; fileEncoding = 4; lastKnownFileType = sourcecode.swift; path = RequestContracts.swift; sourceTree = "<group>"; };
		3FC7202C22A28E5700A25B20 /* RequestConfig.swift */ = {isa = PBXFileReference; fileEncoding = 4; lastKnownFileType = sourcecode.swift; path = RequestConfig.swift; sourceTree = "<group>"; };
		3FC7202D22A28E5700A25B20 /* HTTPMethod.swift */ = {isa = PBXFileReference; fileEncoding = 4; lastKnownFileType = sourcecode.swift; path = HTTPMethod.swift; sourceTree = "<group>"; };
		3FC7202E22A28E5700A25B20 /* RequestManager.swift */ = {isa = PBXFileReference; fileEncoding = 4; lastKnownFileType = sourcecode.swift; path = RequestManager.swift; sourceTree = "<group>"; };
		3FC7202F22A28E5700A25B20 /* NetworkLogger.swift */ = {isa = PBXFileReference; fileEncoding = 4; lastKnownFileType = sourcecode.swift; path = NetworkLogger.swift; sourceTree = "<group>"; };
		3FC7203022A28E5700A25B20 /* AppError.swift */ = {isa = PBXFileReference; fileEncoding = 4; lastKnownFileType = sourcecode.swift; path = AppError.swift; sourceTree = "<group>"; };
		3FC7203722A28E6300A25B20 /* ProductEndPoint.swift */ = {isa = PBXFileReference; fileEncoding = 4; lastKnownFileType = sourcecode.swift; path = ProductEndPoint.swift; sourceTree = "<group>"; };
		3FC7203822A28E6300A25B20 /* URLParameterEncoding.swift */ = {isa = PBXFileReference; fileEncoding = 4; lastKnownFileType = sourcecode.swift; path = URLParameterEncoding.swift; sourceTree = "<group>"; };
		3FC7203922A28E6300A25B20 /* EndPointType.swift */ = {isa = PBXFileReference; fileEncoding = 4; lastKnownFileType = sourcecode.swift; path = EndPointType.swift; sourceTree = "<group>"; };
		3FC7203A22A28E6400A25B20 /* ProductServiceInterector.swift */ = {isa = PBXFileReference; fileEncoding = 4; lastKnownFileType = sourcecode.swift; path = ProductServiceInterector.swift; sourceTree = "<group>"; };
		3FC7203B22A28E6400A25B20 /* Reachability.swift */ = {isa = PBXFileReference; fileEncoding = 4; lastKnownFileType = sourcecode.swift; path = Reachability.swift; sourceTree = "<group>"; };
		3FC7204222A28F9600A25B20 /* UIStoryboard.swift */ = {isa = PBXFileReference; lastKnownFileType = sourcecode.swift; path = UIStoryboard.swift; sourceTree = "<group>"; };
		3FC7204422A28FB100A25B20 /* UIViewController.swift */ = {isa = PBXFileReference; lastKnownFileType = sourcecode.swift; path = UIViewController.swift; sourceTree = "<group>"; };
		3FC7204622A291C600A25B20 /* UICollectionViewCell.swift */ = {isa = PBXFileReference; lastKnownFileType = sourcecode.swift; path = UICollectionViewCell.swift; sourceTree = "<group>"; };
		3FC7204822A291D900A25B20 /* UITableViewCell.swift */ = {isa = PBXFileReference; lastKnownFileType = sourcecode.swift; path = UITableViewCell.swift; sourceTree = "<group>"; };
		3FC7204A22A2920200A25B20 /* String.swift */ = {isa = PBXFileReference; lastKnownFileType = sourcecode.swift; path = String.swift; sourceTree = "<group>"; };
		3FC7204E22A295AF00A25B20 /* ProductContracts.swift */ = {isa = PBXFileReference; lastKnownFileType = sourcecode.swift; path = ProductContracts.swift; sourceTree = "<group>"; };
		3FC7205122A2966800A25B20 /* ProductRouter.swift */ = {isa = PBXFileReference; lastKnownFileType = sourcecode.swift; path = ProductRouter.swift; sourceTree = "<group>"; };
		3FC7205422A296C800A25B20 /* ProductDetailsRouter.swift */ = {isa = PBXFileReference; lastKnownFileType = sourcecode.swift; path = ProductDetailsRouter.swift; sourceTree = "<group>"; };
		3FC7205622A2A15600A25B20 /* AppConstants.swift */ = {isa = PBXFileReference; lastKnownFileType = sourcecode.swift; path = AppConstants.swift; sourceTree = "<group>"; };
		3FC7205822A2A36D00A25B20 /* ProductDataSource.swift */ = {isa = PBXFileReference; lastKnownFileType = sourcecode.swift; path = ProductDataSource.swift; sourceTree = "<group>"; };
		3FC7205A22A2B60000A25B20 /* ProductViewController.swift */ = {isa = PBXFileReference; fileEncoding = 4; lastKnownFileType = sourcecode.swift; path = ProductViewController.swift; sourceTree = "<group>"; };
/* End PBXFileReference section */

/* Begin PBXFrameworksBuildPhase section */
		3FC71FDB22A288F800A25B20 /* Frameworks */ = {
			isa = PBXFrameworksBuildPhase;
			buildActionMask = 2147483647;
			files = (
			);
			runOnlyForDeploymentPostprocessing = 0;
		};
		3FC71FEF22A288FA00A25B20 /* Frameworks */ = {
			isa = PBXFrameworksBuildPhase;
			buildActionMask = 2147483647;
			files = (
			);
			runOnlyForDeploymentPostprocessing = 0;
		};
/* End PBXFrameworksBuildPhase section */

/* Begin PBXGroup section */
		3FC71FD522A288F800A25B20 = {
			isa = PBXGroup;
			children = (
				3FC71FE022A288F800A25B20 /* EasyShop */,
				3FC71FF522A288FA00A25B20 /* EasyShopTests */,
				3FC71FDF22A288F800A25B20 /* Products */,
			);
			sourceTree = "<group>";
		};
		3FC71FDF22A288F800A25B20 /* Products */ = {
			isa = PBXGroup;
			children = (
				3FC71FDE22A288F800A25B20 /* EasyShop.app */,
				3FC71FF222A288FA00A25B20 /* EasyShopTests.xctest */,
			);
			name = Products;
			sourceTree = "<group>";
		};
		3FC71FE022A288F800A25B20 /* EasyShop */ = {
			isa = PBXGroup;
			children = (
				3FC7204122A28F5900A25B20 /* Constants */,
				3FC7200E22A28AA900A25B20 /* Appdelegate */,
				3FC7200D22A28A9F00A25B20 /* Extensions */,
				3FC7200C22A28A9400A25B20 /* Network */,
				3FC7200B22A28A7200A25B20 /* Storyboards */,
				3FC7200422A28A0A00A25B20 /* ProductDetails */,
				3FC7200322A289F900A25B20 /* Product */,
				3FC71FE822A288FA00A25B20 /* Assets.xcassets */,
				3FC71FED22A288FA00A25B20 /* Info.plist */,
			);
			path = EasyShop;
			sourceTree = "<group>";
		};
		3FC71FF522A288FA00A25B20 /* EasyShopTests */ = {
			isa = PBXGroup;
			children = (
				3FC71FF622A288FA00A25B20 /* EasyShopTests.swift */,
				3FC71FF822A288FA00A25B20 /* Info.plist */,
			);
			path = EasyShopTests;
			sourceTree = "<group>";
		};
		3FC7200322A289F900A25B20 /* Product */ = {
			isa = PBXGroup;
			children = (
				3FC7205022A2964F00A25B20 /* Router */,
				3FC7204D22A2958D00A25B20 /* Contracts */,
				3FC7201322A28CA500A25B20 /* Models */,
				3FC7200722A28A3000A25B20 /* ViewModels */,
				3FC7200622A28A2300A25B20 /* Controllers */,
				3FC7200522A28A1900A25B20 /* Views */,
			);
			path = Product;
			sourceTree = "<group>";
		};
		3FC7200422A28A0A00A25B20 /* ProductDetails */ = {
			isa = PBXGroup;
			children = (
				3FC7205322A296A100A25B20 /* ProductDetailsRouter */,
				3FC7201422A28CAD00A25B20 /* Models */,
				3FC7200A22A28A5D00A25B20 /* ViewModels */,
				3FC7200922A28A5000A25B20 /* Controllers */,
				3FC7200822A28A4400A25B20 /* Views */,
			);
			path = ProductDetails;
			sourceTree = "<group>";
		};
		3FC7200522A28A1900A25B20 /* Views */ = {
			isa = PBXGroup;
			children = (
				3FC7201B22A28DB600A25B20 /* CategoryCollectionViewCell.swift */,
				3FC7201922A28DB600A25B20 /* CategoryCollectionViewCell.xib */,
				3FC7201C22A28DB600A25B20 /* RankingCollectionViewCell.swift */,
				3FC7201A22A28DB600A25B20 /* RankingTableViewCell.swift */,
			);
			path = Views;
			sourceTree = "<group>";
		};
		3FC7200622A28A2300A25B20 /* Controllers */ = {
			isa = PBXGroup;
			children = (
				3FC7205A22A2B60000A25B20 /* ProductViewController.swift */,
				3FC7205822A2A36D00A25B20 /* ProductDataSource.swift */,
			);
			path = Controllers;
			sourceTree = "<group>";
		};
		3FC7200722A28A3000A25B20 /* ViewModels */ = {
			isa = PBXGroup;
			children = (
				3FC7202122A28DDA00A25B20 /* ProductViewModel.swift */,
			);
			path = ViewModels;
			sourceTree = "<group>";
		};
		3FC7200822A28A4400A25B20 /* Views */ = {
			isa = PBXGroup;
			children = (
				3FC7201722A28D8000A25B20 /* ProductDetailTableViewCell.swift */,
			);
			path = Views;
			sourceTree = "<group>";
		};
		3FC7200922A28A5000A25B20 /* Controllers */ = {
			isa = PBXGroup;
			children = (
				3FC7201122A28C6A00A25B20 /* ProductDetailsViewController.swift */,
			);
			path = Controllers;
			sourceTree = "<group>";
		};
		3FC7200A22A28A5D00A25B20 /* ViewModels */ = {
			isa = PBXGroup;
			children = (
			);
			path = ViewModels;
			sourceTree = "<group>";
		};
		3FC7200B22A28A7200A25B20 /* Storyboards */ = {
			isa = PBXGroup;
			children = (
				3FC71FE522A288F800A25B20 /* Main.storyboard */,
				3FC71FEA22A288FA00A25B20 /* LaunchScreen.storyboard */,
			);
			path = Storyboards;
			sourceTree = "<group>";
		};
		3FC7200C22A28A9400A25B20 /* Network */ = {
			isa = PBXGroup;
			children = (
				3FC7202A22A28E3300A25B20 /* Service */,
				3FC7202922A28E2800A25B20 /* Request */,
			);
			path = Network;
			sourceTree = "<group>";
		};
		3FC7200D22A28A9F00A25B20 /* Extensions */ = {
			isa = PBXGroup;
			children = (
				3FC7204222A28F9600A25B20 /* UIStoryboard.swift */,
				3FC7204422A28FB100A25B20 /* UIViewController.swift */,
				3FC7204622A291C600A25B20 /* UICollectionViewCell.swift */,
				3FC7204822A291D900A25B20 /* UITableViewCell.swift */,
				3FC7204A22A2920200A25B20 /* String.swift */,
			);
			path = Extensions;
			sourceTree = "<group>";
		};
		3FC7200E22A28AA900A25B20 /* Appdelegate */ = {
			isa = PBXGroup;
			children = (
				3FC71FE122A288F800A25B20 /* AppDelegate.swift */,
			);
			path = Appdelegate;
			sourceTree = "<group>";
		};
		3FC7201322A28CA500A25B20 /* Models */ = {
			isa = PBXGroup;
			children = (
				3FC7202422A28DF500A25B20 /* Category.swift */,
				3FC7202522A28DF500A25B20 /* Ranking.swift */,
				3FC7202322A28DF500A25B20 /* Response.swift */,
			);
			path = Models;
			sourceTree = "<group>";
		};
		3FC7201422A28CAD00A25B20 /* Models */ = {
			isa = PBXGroup;
			children = (
			);
			path = Models;
			sourceTree = "<group>";
		};
		3FC7202922A28E2800A25B20 /* Request */ = {
			isa = PBXGroup;
			children = (
				3FC7203022A28E5700A25B20 /* AppError.swift */,
				3FC7202D22A28E5700A25B20 /* HTTPMethod.swift */,
				3FC7202F22A28E5700A25B20 /* NetworkLogger.swift */,
				3FC7202C22A28E5700A25B20 /* RequestConfig.swift */,
				3FC7202B22A28E5700A25B20 /* RequestContracts.swift */,
				3FC7202E22A28E5700A25B20 /* RequestManager.swift */,
			);
			path = Request;
			sourceTree = "<group>";
		};
		3FC7202A22A28E3300A25B20 /* Service */ = {
			isa = PBXGroup;
			children = (
				3FC7203922A28E6300A25B20 /* EndPointType.swift */,
				3FC7203722A28E6300A25B20 /* ProductEndPoint.swift */,
				3FC7203A22A28E6400A25B20 /* ProductServiceInterector.swift */,
				3FC7203B22A28E6400A25B20 /* Reachability.swift */,
				3FC7203822A28E6300A25B20 /* URLParameterEncoding.swift */,
			);
			path = Service;
			sourceTree = "<group>";
		};
		3FC7204122A28F5900A25B20 /* Constants */ = {
			isa = PBXGroup;
			children = (
				3FC7205622A2A15600A25B20 /* AppConstants.swift */,
			);
			path = Constants;
			sourceTree = "<group>";
		};
		3FC7204D22A2958D00A25B20 /* Contracts */ = {
			isa = PBXGroup;
			children = (
				3FC7204E22A295AF00A25B20 /* ProductContracts.swift */,
			);
			path = Contracts;
			sourceTree = "<group>";
		};
		3FC7205022A2964F00A25B20 /* Router */ = {
			isa = PBXGroup;
			children = (
				3FC7205122A2966800A25B20 /* ProductRouter.swift */,
			);
			path = Router;
			sourceTree = "<group>";
		};
		3FC7205322A296A100A25B20 /* ProductDetailsRouter */ = {
			isa = PBXGroup;
			children = (
				3FC7205422A296C800A25B20 /* ProductDetailsRouter.swift */,
			);
			path = ProductDetailsRouter;
			sourceTree = "<group>";
		};
/* End PBXGroup section */

/* Begin PBXNativeTarget section */
		3FC71FDD22A288F800A25B20 /* EasyShop */ = {
			isa = PBXNativeTarget;
			buildConfigurationList = 3FC71FFB22A288FA00A25B20 /* Build configuration list for PBXNativeTarget "EasyShop" */;
			buildPhases = (
				3FC71FDA22A288F800A25B20 /* Sources */,
				3FC71FDB22A288F800A25B20 /* Frameworks */,
				3FC71FDC22A288F800A25B20 /* Resources */,
			);
			buildRules = (
			);
			dependencies = (
			);
			name = EasyShop;
			productName = EasyShop;
			productReference = 3FC71FDE22A288F800A25B20 /* EasyShop.app */;
			productType = "com.apple.product-type.application";
		};
		3FC71FF122A288FA00A25B20 /* EasyShopTests */ = {
			isa = PBXNativeTarget;
			buildConfigurationList = 3FC71FFE22A288FA00A25B20 /* Build configuration list for PBXNativeTarget "EasyShopTests" */;
			buildPhases = (
				3FC71FEE22A288FA00A25B20 /* Sources */,
				3FC71FEF22A288FA00A25B20 /* Frameworks */,
				3FC71FF022A288FA00A25B20 /* Resources */,
			);
			buildRules = (
			);
			dependencies = (
				3FC71FF422A288FA00A25B20 /* PBXTargetDependency */,
			);
			name = EasyShopTests;
			productName = EasyShopTests;
			productReference = 3FC71FF222A288FA00A25B20 /* EasyShopTests.xctest */;
			productType = "com.apple.product-type.bundle.unit-test";
		};
/* End PBXNativeTarget section */

/* Begin PBXProject section */
		3FC71FD622A288F800A25B20 /* Project object */ = {
			isa = PBXProject;
			attributes = {
				LastSwiftUpdateCheck = 1010;
				LastUpgradeCheck = 1010;
				ORGANIZATIONNAME = "Vikram Rajpoot";
				TargetAttributes = {
					3FC71FDD22A288F800A25B20 = {
						CreatedOnToolsVersion = 10.1;
					};
					3FC71FF122A288FA00A25B20 = {
						CreatedOnToolsVersion = 10.1;
						TestTargetID = 3FC71FDD22A288F800A25B20;
					};
				};
			};
			buildConfigurationList = 3FC71FD922A288F800A25B20 /* Build configuration list for PBXProject "EasyShop" */;
			compatibilityVersion = "Xcode 9.3";
			developmentRegion = en;
			hasScannedForEncodings = 0;
			knownRegions = (
				en,
				Base,
			);
			mainGroup = 3FC71FD522A288F800A25B20;
			productRefGroup = 3FC71FDF22A288F800A25B20 /* Products */;
			projectDirPath = "";
			projectRoot = "";
			targets = (
				3FC71FDD22A288F800A25B20 /* EasyShop */,
				3FC71FF122A288FA00A25B20 /* EasyShopTests */,
			);
		};
/* End PBXProject section */

/* Begin PBXResourcesBuildPhase section */
		3FC71FDC22A288F800A25B20 /* Resources */ = {
			isa = PBXResourcesBuildPhase;
			buildActionMask = 2147483647;
			files = (
				3FC7201D22A28DB600A25B20 /* CategoryCollectionViewCell.xib in Resources */,
				3FC71FEC22A288FA00A25B20 /* LaunchScreen.storyboard in Resources */,
				3FC71FE922A288FA00A25B20 /* Assets.xcassets in Resources */,
				3FC71FE722A288F800A25B20 /* Main.storyboard in Resources */,
			);
			runOnlyForDeploymentPostprocessing = 0;
		};
		3FC71FF022A288FA00A25B20 /* Resources */ = {
			isa = PBXResourcesBuildPhase;
			buildActionMask = 2147483647;
			files = (
			);
			runOnlyForDeploymentPostprocessing = 0;
		};
/* End PBXResourcesBuildPhase section */

/* Begin PBXSourcesBuildPhase section */
		3FC71FDA22A288F800A25B20 /* Sources */ = {
			isa = PBXSourcesBuildPhase;
			buildActionMask = 2147483647;
			files = (
				3FC7204722A291C600A25B20 /* UICollectionViewCell.swift in Sources */,
				3FC7203422A28E5700A25B20 /* RequestManager.swift in Sources */,
				3FC7201822A28D8000A25B20 /* ProductDetailTableViewCell.swift in Sources */,
				3FC7205B22A2B60000A25B20 /* ProductViewController.swift in Sources */,
				3FC7204F22A295AF00A25B20 /* ProductContracts.swift in Sources */,
				3FC7204B22A2920200A25B20 /* String.swift in Sources */,
				3FC7202722A28DF600A25B20 /* Category.swift in Sources */,
				3FC7204322A28F9600A25B20 /* UIStoryboard.swift in Sources */,
				3FC7203322A28E5700A25B20 /* HTTPMethod.swift in Sources */,
				3FC7205222A2966800A25B20 /* ProductRouter.swift in Sources */,
				3FC7203622A28E5700A25B20 /* AppError.swift in Sources */,
				3FC7201222A28C6A00A25B20 /* ProductDetailsViewController.swift in Sources */,
				3FC7203F22A28E6400A25B20 /* ProductServiceInterector.swift in Sources */,
				3FC71FE222A288F800A25B20 /* AppDelegate.swift in Sources */,
				3FC7202822A28DF600A25B20 /* Ranking.swift in Sources */,
				3FC7203E22A28E6400A25B20 /* EndPointType.swift in Sources */,
				3FC7205522A296C800A25B20 /* ProductDetailsRouter.swift in Sources */,
				3FC7203D22A28E6400A25B20 /* URLParameterEncoding.swift in Sources */,
				3FC7203522A28E5700A25B20 /* NetworkLogger.swift in Sources */,
				3FC7204522A28FB100A25B20 /* UIViewController.swift in Sources */,
				3FC7203C22A28E6400A25B20 /* ProductEndPoint.swift in Sources */,
				3FC7203222A28E5700A25B20 /* RequestConfig.swift in Sources */,
				3FC7202622A28DF600A25B20 /* Response.swift in Sources */,
				3FC7205722A2A15600A25B20 /* AppConstants.swift in Sources */,
				3FC7202022A28DB600A25B20 /* RankingCollectionViewCell.swift in Sources */,
				3FC7202222A28DDA00A25B20 /* ProductViewModel.swift in Sources */,
				3FC7204022A28E6400A25B20 /* Reachability.swift in Sources */,
				3FC7201F22A28DB600A25B20 /* CategoryCollectionViewCell.swift in Sources */,
				3FC7204922A291D900A25B20 /* UITableViewCell.swift in Sources */,
				3FC7201E22A28DB600A25B20 /* RankingTableViewCell.swift in Sources */,
				3FC7205922A2A36D00A25B20 /* ProductDataSource.swift in Sources */,
				3FC7203122A28E5700A25B20 /* RequestContracts.swift in Sources */,
			);
			runOnlyForDeploymentPostprocessing = 0;
		};
		3FC71FEE22A288FA00A25B20 /* Sources */ = {
			isa = PBXSourcesBuildPhase;
			buildActionMask = 2147483647;
			files = (
				3FC71FF722A288FA00A25B20 /* EasyShopTests.swift in Sources */,
			);
			runOnlyForDeploymentPostprocessing = 0;
		};
/* End PBXSourcesBuildPhase section */

/* Begin PBXTargetDependency section */
		3FC71FF422A288FA00A25B20 /* PBXTargetDependency */ = {
			isa = PBXTargetDependency;
			target = 3FC71FDD22A288F800A25B20 /* EasyShop */;
			targetProxy = 3FC71FF322A288FA00A25B20 /* PBXContainerItemProxy */;
		};
/* End PBXTargetDependency section */

/* Begin PBXVariantGroup section */
		3FC71FE522A288F800A25B20 /* Main.storyboard */ = {
			isa = PBXVariantGroup;
			children = (
				3FC71FE622A288F800A25B20 /* Base */,
			);
			name = Main.storyboard;
			sourceTree = "<group>";
		};
		3FC71FEA22A288FA00A25B20 /* LaunchScreen.storyboard */ = {
			isa = PBXVariantGroup;
			children = (
				3FC71FEB22A288FA00A25B20 /* Base */,
			);
			name = LaunchScreen.storyboard;
			sourceTree = "<group>";
		};
/* End PBXVariantGroup section */

/* Begin XCBuildConfiguration section */
		3FC71FF922A288FA00A25B20 /* Debug */ = {
			isa = XCBuildConfiguration;
			buildSettings = {
				ALWAYS_SEARCH_USER_PATHS = NO;
				CLANG_ANALYZER_NONNULL = YES;
				CLANG_ANALYZER_NUMBER_OBJECT_CONVERSION = YES_AGGRESSIVE;
				CLANG_CXX_LANGUAGE_STANDARD = "gnu++14";
				CLANG_CXX_LIBRARY = "libc++";
				CLANG_ENABLE_MODULES = YES;
				CLANG_ENABLE_OBJC_ARC = YES;
				CLANG_ENABLE_OBJC_WEAK = YES;
				CLANG_WARN_BLOCK_CAPTURE_AUTORELEASING = YES;
				CLANG_WARN_BOOL_CONVERSION = YES;
				CLANG_WARN_COMMA = YES;
				CLANG_WARN_CONSTANT_CONVERSION = YES;
				CLANG_WARN_DEPRECATED_OBJC_IMPLEMENTATIONS = YES;
				CLANG_WARN_DIRECT_OBJC_ISA_USAGE = YES_ERROR;
				CLANG_WARN_DOCUMENTATION_COMMENTS = YES;
				CLANG_WARN_EMPTY_BODY = YES;
				CLANG_WARN_ENUM_CONVERSION = YES;
				CLANG_WARN_INFINITE_RECURSION = YES;
				CLANG_WARN_INT_CONVERSION = YES;
				CLANG_WARN_NON_LITERAL_NULL_CONVERSION = YES;
				CLANG_WARN_OBJC_IMPLICIT_RETAIN_SELF = YES;
				CLANG_WARN_OBJC_LITERAL_CONVERSION = YES;
				CLANG_WARN_OBJC_ROOT_CLASS = YES_ERROR;
				CLANG_WARN_RANGE_LOOP_ANALYSIS = YES;
				CLANG_WARN_STRICT_PROTOTYPES = YES;
				CLANG_WARN_SUSPICIOUS_MOVE = YES;
				CLANG_WARN_UNGUARDED_AVAILABILITY = YES_AGGRESSIVE;
				CLANG_WARN_UNREACHABLE_CODE = YES;
				CLANG_WARN__DUPLICATE_METHOD_MATCH = YES;
				CODE_SIGN_IDENTITY = "iPhone Developer";
				COPY_PHASE_STRIP = NO;
				DEBUG_INFORMATION_FORMAT = dwarf;
				ENABLE_STRICT_OBJC_MSGSEND = YES;
				ENABLE_TESTABILITY = YES;
				GCC_C_LANGUAGE_STANDARD = gnu11;
				GCC_DYNAMIC_NO_PIC = NO;
				GCC_NO_COMMON_BLOCKS = YES;
				GCC_OPTIMIZATION_LEVEL = 0;
				GCC_PREPROCESSOR_DEFINITIONS = (
					"DEBUG=1",
					"$(inherited)",
				);
				GCC_WARN_64_TO_32_BIT_CONVERSION = YES;
				GCC_WARN_ABOUT_RETURN_TYPE = YES_ERROR;
				GCC_WARN_UNDECLARED_SELECTOR = YES;
				GCC_WARN_UNINITIALIZED_AUTOS = YES_AGGRESSIVE;
				GCC_WARN_UNUSED_FUNCTION = YES;
				GCC_WARN_UNUSED_VARIABLE = YES;
				IPHONEOS_DEPLOYMENT_TARGET = 12.1;
				MTL_ENABLE_DEBUG_INFO = INCLUDE_SOURCE;
				MTL_FAST_MATH = YES;
				ONLY_ACTIVE_ARCH = YES;
				SDKROOT = iphoneos;
				SWIFT_ACTIVE_COMPILATION_CONDITIONS = DEBUG;
				SWIFT_OPTIMIZATION_LEVEL = "-Onone";
			};
			name = Debug;
		};
		3FC71FFA22A288FA00A25B20 /* Release */ = {
			isa = XCBuildConfiguration;
			buildSettings = {
				ALWAYS_SEARCH_USER_PATHS = NO;
				CLANG_ANALYZER_NONNULL = YES;
				CLANG_ANALYZER_NUMBER_OBJECT_CONVERSION = YES_AGGRESSIVE;
				CLANG_CXX_LANGUAGE_STANDARD = "gnu++14";
				CLANG_CXX_LIBRARY = "libc++";
				CLANG_ENABLE_MODULES = YES;
				CLANG_ENABLE_OBJC_ARC = YES;
				CLANG_ENABLE_OBJC_WEAK = YES;
				CLANG_WARN_BLOCK_CAPTURE_AUTORELEASING = YES;
				CLANG_WARN_BOOL_CONVERSION = YES;
				CLANG_WARN_COMMA = YES;
				CLANG_WARN_CONSTANT_CONVERSION = YES;
				CLANG_WARN_DEPRECATED_OBJC_IMPLEMENTATIONS = YES;
				CLANG_WARN_DIRECT_OBJC_ISA_USAGE = YES_ERROR;
				CLANG_WARN_DOCUMENTATION_COMMENTS = YES;
				CLANG_WARN_EMPTY_BODY = YES;
				CLANG_WARN_ENUM_CONVERSION = YES;
				CLANG_WARN_INFINITE_RECURSION = YES;
				CLANG_WARN_INT_CONVERSION = YES;
				CLANG_WARN_NON_LITERAL_NULL_CONVERSION = YES;
				CLANG_WARN_OBJC_IMPLICIT_RETAIN_SELF = YES;
				CLANG_WARN_OBJC_LITERAL_CONVERSION = YES;
				CLANG_WARN_OBJC_ROOT_CLASS = YES_ERROR;
				CLANG_WARN_RANGE_LOOP_ANALYSIS = YES;
				CLANG_WARN_STRICT_PROTOTYPES = YES;
				CLANG_WARN_SUSPICIOUS_MOVE = YES;
				CLANG_WARN_UNGUARDED_AVAILABILITY = YES_AGGRESSIVE;
				CLANG_WARN_UNREACHABLE_CODE = YES;
				CLANG_WARN__DUPLICATE_METHOD_MATCH = YES;
				CODE_SIGN_IDENTITY = "iPhone Developer";
				COPY_PHASE_STRIP = NO;
				DEBUG_INFORMATION_FORMAT = "dwarf-with-dsym";
				ENABLE_NS_ASSERTIONS = NO;
				ENABLE_STRICT_OBJC_MSGSEND = YES;
				GCC_C_LANGUAGE_STANDARD = gnu11;
				GCC_NO_COMMON_BLOCKS = YES;
				GCC_WARN_64_TO_32_BIT_CONVERSION = YES;
				GCC_WARN_ABOUT_RETURN_TYPE = YES_ERROR;
				GCC_WARN_UNDECLARED_SELECTOR = YES;
				GCC_WARN_UNINITIALIZED_AUTOS = YES_AGGRESSIVE;
				GCC_WARN_UNUSED_FUNCTION = YES;
				GCC_WARN_UNUSED_VARIABLE = YES;
				IPHONEOS_DEPLOYMENT_TARGET = 12.1;
				MTL_ENABLE_DEBUG_INFO = NO;
				MTL_FAST_MATH = YES;
				SDKROOT = iphoneos;
				SWIFT_COMPILATION_MODE = wholemodule;
				SWIFT_OPTIMIZATION_LEVEL = "-O";
				VALIDATE_PRODUCT = YES;
			};
			name = Release;
		};
		3FC71FFC22A288FA00A25B20 /* Debug */ = {
			isa = XCBuildConfiguration;
			buildSettings = {
				ASSETCATALOG_COMPILER_APPICON_NAME = AppIcon;
				CODE_SIGN_STYLE = Automatic;
				INFOPLIST_FILE = EasyShop/Info.plist;
				LD_RUNPATH_SEARCH_PATHS = (
					"$(inherited)",
					"@executable_path/Frameworks",
				);
				PRODUCT_BUNDLE_IDENTIFIER = com.vikram.EasyShop;
				PRODUCT_NAME = "$(TARGET_NAME)";
				SWIFT_VERSION = 4.2;
				TARGETED_DEVICE_FAMILY = "1,2";
			};
			name = Debug;
		};
		3FC71FFD22A288FA00A25B20 /* Release */ = {
			isa = XCBuildConfiguration;
			buildSettings = {
				ASSETCATALOG_COMPILER_APPICON_NAME = AppIcon;
				CODE_SIGN_STYLE = Automatic;
				INFOPLIST_FILE = EasyShop/Info.plist;
				LD_RUNPATH_SEARCH_PATHS = (
					"$(inherited)",
					"@executable_path/Frameworks",
				);
				PRODUCT_BUNDLE_IDENTIFIER = com.vikram.EasyShop;
				PRODUCT_NAME = "$(TARGET_NAME)";
				SWIFT_VERSION = 4.2;
				TARGETED_DEVICE_FAMILY = "1,2";
			};
			name = Release;
		};
		3FC71FFF22A288FA00A25B20 /* Debug */ = {
			isa = XCBuildConfiguration;
			buildSettings = {
				ALWAYS_EMBED_SWIFT_STANDARD_LIBRARIES = YES;
				BUNDLE_LOADER = "$(TEST_HOST)";
				CODE_SIGN_STYLE = Automatic;
				INFOPLIST_FILE = EasyShopTests/Info.plist;
				LD_RUNPATH_SEARCH_PATHS = (
					"$(inherited)",
					"@executable_path/Frameworks",
					"@loader_path/Frameworks",
				);
				PRODUCT_BUNDLE_IDENTIFIER = com.vikram.EasyShopTests;
				PRODUCT_NAME = "$(TARGET_NAME)";
				SWIFT_VERSION = 4.2;
				TARGETED_DEVICE_FAMILY = "1,2";
				TEST_HOST = "$(BUILT_PRODUCTS_DIR)/EasyShop.app/EasyShop";
			};
			name = Debug;
		};
		3FC7200022A288FA00A25B20 /* Release */ = {
			isa = XCBuildConfiguration;
			buildSettings = {
				ALWAYS_EMBED_SWIFT_STANDARD_LIBRARIES = YES;
				BUNDLE_LOADER = "$(TEST_HOST)";
				CODE_SIGN_STYLE = Automatic;
				INFOPLIST_FILE = EasyShopTests/Info.plist;
				LD_RUNPATH_SEARCH_PATHS = (
					"$(inherited)",
					"@executable_path/Frameworks",
					"@loader_path/Frameworks",
				);
				PRODUCT_BUNDLE_IDENTIFIER = com.vikram.EasyShopTests;
				PRODUCT_NAME = "$(TARGET_NAME)";
				SWIFT_VERSION = 4.2;
				TARGETED_DEVICE_FAMILY = "1,2";
				TEST_HOST = "$(BUILT_PRODUCTS_DIR)/EasyShop.app/EasyShop";
			};
			name = Release;
		};
/* End XCBuildConfiguration section */

/* Begin XCConfigurationList section */
		3FC71FD922A288F800A25B20 /* Build configuration list for PBXProject "EasyShop" */ = {
			isa = XCConfigurationList;
			buildConfigurations = (
				3FC71FF922A288FA00A25B20 /* Debug */,
				3FC71FFA22A288FA00A25B20 /* Release */,
			);
			defaultConfigurationIsVisible = 0;
			defaultConfigurationName = Release;
		};
		3FC71FFB22A288FA00A25B20 /* Build configuration list for PBXNativeTarget "EasyShop" */ = {
			isa = XCConfigurationList;
			buildConfigurations = (
				3FC71FFC22A288FA00A25B20 /* Debug */,
				3FC71FFD22A288FA00A25B20 /* Release */,
			);
			defaultConfigurationIsVisible = 0;
			defaultConfigurationName = Release;
		};
		3FC71FFE22A288FA00A25B20 /* Build configuration list for PBXNativeTarget "EasyShopTests" */ = {
			isa = XCConfigurationList;
			buildConfigurations = (
				3FC71FFF22A288FA00A25B20 /* Debug */,
				3FC7200022A288FA00A25B20 /* Release */,
			);
			defaultConfigurationIsVisible = 0;
			defaultConfigurationName = Release;
		};
/* End XCConfigurationList section */
	};
	rootObject = 3FC71FD622A288F800A25B20 /* Project object */;
}
